
Microsoft Visual Studio Solution File, Format Version 12.00
# Visual Studio Version 17
VisualStudioVersion = 17.14.36401.2 d17.14
MinimumVisualStudioVersion = 10.0.40219.1
Project("{FAE04EC0-301F-11D3-BF4B-00C04F79EFBC}") = "Ejercicio 1", "Ejercicio 1\Ejercicio 1.csproj", "{2D5316BF-F3D4-4577-8492-9643AEA22211}"
EndProject
Global
	GlobalSection(SolutionConfigurationPlatforms) = preSolution
		Debug|Any CPU = Debug|Any CPU
		Release|Any CPU = Release|Any CPU
	EndGlobalSection
	GlobalSection(ProjectConfigurationPlatforms) = postSolution
		{2D5316BF-F3D4-4577-8492-9643AEA22211}.Debug|Any CPU.ActiveCfg = Debug|Any CPU
		{2D5316BF-F3D4-4577-8492-9643AEA22211}.Debug|Any CPU.Build.0 = Debug|Any CPU
		{2D5316BF-F3D4-4577-8492-9643AEA22211}.Release|Any CPU.ActiveCfg = Release|Any CPU
		{2D5316BF-F3D4-4577-8492-9643AEA22211}.Release|Any CPU.Build.0 = Release|Any CPU
	EndGlobalSection
	GlobalSection(SolutionProperties) = preSolution
		HideSolutionNode = FALSE
	EndGlobalSection
	GlobalSection(ExtensibilityGlobals) = postSolution
		SolutionGuid = {B4A5B6D9-E867-4182-AD92-446DA2E1045F}
	EndGlobalSection
EndGlobal
